
Microsoft Visual Studio Solution File, Format Version 12.00
# Visual Studio 15
VisualStudioVersion = 15.0.28307.572
MinimumVisualStudioVersion = 10.0.40219.1
Project("{2150E333-8FDC-42A3-9474-1A3956D46DE8}") = "0 - Presentation", "0 - Presentation", "{031C53CE-9064-498C-B429-2B21FB301D51}"
EndProject
Project("{2150E333-8FDC-42A3-9474-1A3956D46DE8}") = "1 - Application", "1 - Application", "{B0496C84-6FE4-4E57-A570-C3A87623F89A}"
EndProject
Project("{2150E333-8FDC-42A3-9474-1A3956D46DE8}") = "2 - Domain", "2 - Domain", "{A2810E2C-8DD9-4B53-BE80-E3A2390443B4}"
EndProject
Project("{2150E333-8FDC-42A3-9474-1A3956D46DE8}") = "3 - Infra", "3 - Infra", "{D64B09BF-0078-476F-9FA0-56A8D7ADEEE7}"
EndProject
Project("{2150E333-8FDC-42A3-9474-1A3956D46DE8}") = "3.1 - Data", "3.1 - Data", "{35B80B34-657C-4147-A1A9-38FCA9CCA53C}"
EndProject
Project("{2150E333-8FDC-42A3-9474-1A3956D46DE8}") = "3.2 - CrossCutting", "3.2 - CrossCutting", "{10DC9368-6EBB-4AF0-8D48-DE8C21AAC5F3}"
EndProject
Project("{FAE04EC0-301F-11D3-BF4B-00C04F79EFBC}") = "TPDataBizHackathon.Infra.IoC", "TPDataBizHackathon.Infra.IoC\TPDataBizHackathon.Infra.IoC.csproj", "{543117AC-7364-45B0-8990-0F1024E19B1F}"
EndProject
Project("{FAE04EC0-301F-11D3-BF4B-00C04F79EFBC}") = "TPDataBizHackathon.Infra.Data", "TPDataBizHackathon.Infra.Data\TPDataBizHackathon.Infra.Data.csproj", "{1E1796F8-C204-42A0-AB44-45F3DB3D96E0}"
EndProject
Project("{FAE04EC0-301F-11D3-BF4B-00C04F79EFBC}") = "TPDataBizHackathon.Domain", "TPDataBizHackathon.Domain\TPDataBizHackathon.Domain.csproj", "{8485F68D-5243-4BED-BA5F-9A2EAAD6821B}"
EndProject
Project("{FAE04EC0-301F-11D3-BF4B-00C04F79EFBC}") = "TPDataBizHackathon.Application", "TPDataBizHackathon.Application\TPDataBizHackathon.Application.csproj", "{3B85106E-35CD-4EB9-8DB4-26C5EC062B15}"
EndProject
Project("{FAE04EC0-301F-11D3-BF4B-00C04F79EFBC}") = "TPDataBizHackathon.API", "TPDataBizHackathon.API\TPDataBizHackathon.API.csproj", "{816311C7-30F4-4799-9223-58B6B5C6CB49}"
EndProject
Project("{2150E333-8FDC-42A3-9474-1A3956D46DE8}") = "0.1 - Web", "0.1 - Web", "{4A982ED8-4EFB-428E-8344-582F7E437083}"
EndProject
Project("{2150E333-8FDC-42A3-9474-1A3956D46DE8}") = "0.2 - API", "0.2 - API", "{9FD58F70-D022-4739-AADF-F43701F126E7}"
EndProject
Project("{FAE04EC0-301F-11D3-BF4B-00C04F79EFBC}") = "TPDataBizHackathon.Web", "TPDataBizHackathon.Web\TPDataBizHackathon.Web.csproj", "{5557AC1E-C735-48F4-AF34-8524925F35E6}"
EndProject
Project("{FAE04EC0-301F-11D3-BF4B-00C04F79EFBC}") = "teste", "teste\teste.csproj", "{CF33C772-F280-4F1F-9405-ADB4CD2B83AC}"
EndProject
Global
	GlobalSection(SolutionConfigurationPlatforms) = preSolution
		Debug|Any CPU = Debug|Any CPU
		Release|Any CPU = Release|Any CPU
	EndGlobalSection
	GlobalSection(ProjectConfigurationPlatforms) = postSolution
		{543117AC-7364-45B0-8990-0F1024E19B1F}.Debug|Any CPU.ActiveCfg = Debug|Any CPU
		{543117AC-7364-45B0-8990-0F1024E19B1F}.Debug|Any CPU.Build.0 = Debug|Any CPU
		{543117AC-7364-45B0-8990-0F1024E19B1F}.Release|Any CPU.ActiveCfg = Release|Any CPU
		{543117AC-7364-45B0-8990-0F1024E19B1F}.Release|Any CPU.Build.0 = Release|Any CPU
		{1E1796F8-C204-42A0-AB44-45F3DB3D96E0}.Debug|Any CPU.ActiveCfg = Debug|Any CPU
		{1E1796F8-C204-42A0-AB44-45F3DB3D96E0}.Debug|Any CPU.Build.0 = Debug|Any CPU
		{1E1796F8-C204-42A0-AB44-45F3DB3D96E0}.Release|Any CPU.ActiveCfg = Release|Any CPU
		{1E1796F8-C204-42A0-AB44-45F3DB3D96E0}.Release|Any CPU.Build.0 = Release|Any CPU
		{8485F68D-5243-4BED-BA5F-9A2EAAD6821B}.Debug|Any CPU.ActiveCfg = Debug|Any CPU
		{8485F68D-5243-4BED-BA5F-9A2EAAD6821B}.Debug|Any CPU.Build.0 = Debug|Any CPU
		{8485F68D-5243-4BED-BA5F-9A2EAAD6821B}.Release|Any CPU.ActiveCfg = Release|Any CPU
		{8485F68D-5243-4BED-BA5F-9A2EAAD6821B}.Release|Any CPU.Build.0 = Release|Any CPU
		{3B85106E-35CD-4EB9-8DB4-26C5EC062B15}.Debug|Any CPU.ActiveCfg = Debug|Any CPU
		{3B85106E-35CD-4EB9-8DB4-26C5EC062B15}.Debug|Any CPU.Build.0 = Debug|Any CPU
		{3B85106E-35CD-4EB9-8DB4-26C5EC062B15}.Release|Any CPU.ActiveCfg = Release|Any CPU
		{3B85106E-35CD-4EB9-8DB4-26C5EC062B15}.Release|Any CPU.Build.0 = Release|Any CPU
		{816311C7-30F4-4799-9223-58B6B5C6CB49}.Debug|Any CPU.ActiveCfg = Debug|Any CPU
		{816311C7-30F4-4799-9223-58B6B5C6CB49}.Debug|Any CPU.Build.0 = Debug|Any CPU
		{816311C7-30F4-4799-9223-58B6B5C6CB49}.Release|Any CPU.ActiveCfg = Release|Any CPU
		{816311C7-30F4-4799-9223-58B6B5C6CB49}.Release|Any CPU.Build.0 = Release|Any CPU
		{5557AC1E-C735-48F4-AF34-8524925F35E6}.Debug|Any CPU.ActiveCfg = Debug|Any CPU
		{5557AC1E-C735-48F4-AF34-8524925F35E6}.Debug|Any CPU.Build.0 = Debug|Any CPU
		{5557AC1E-C735-48F4-AF34-8524925F35E6}.Release|Any CPU.ActiveCfg = Release|Any CPU
		{5557AC1E-C735-48F4-AF34-8524925F35E6}.Release|Any CPU.Build.0 = Release|Any CPU
		{CF33C772-F280-4F1F-9405-ADB4CD2B83AC}.Debug|Any CPU.ActiveCfg = Debug|Any CPU
		{CF33C772-F280-4F1F-9405-ADB4CD2B83AC}.Debug|Any CPU.Build.0 = Debug|Any CPU
		{CF33C772-F280-4F1F-9405-ADB4CD2B83AC}.Release|Any CPU.ActiveCfg = Release|Any CPU
		{CF33C772-F280-4F1F-9405-ADB4CD2B83AC}.Release|Any CPU.Build.0 = Release|Any CPU
	EndGlobalSection
	GlobalSection(SolutionProperties) = preSolution
		HideSolutionNode = FALSE
	EndGlobalSection
	GlobalSection(NestedProjects) = preSolution
		{35B80B34-657C-4147-A1A9-38FCA9CCA53C} = {D64B09BF-0078-476F-9FA0-56A8D7ADEEE7}
		{10DC9368-6EBB-4AF0-8D48-DE8C21AAC5F3} = {D64B09BF-0078-476F-9FA0-56A8D7ADEEE7}
		{543117AC-7364-45B0-8990-0F1024E19B1F} = {10DC9368-6EBB-4AF0-8D48-DE8C21AAC5F3}
		{1E1796F8-C204-42A0-AB44-45F3DB3D96E0} = {35B80B34-657C-4147-A1A9-38FCA9CCA53C}
		{8485F68D-5243-4BED-BA5F-9A2EAAD6821B} = {A2810E2C-8DD9-4B53-BE80-E3A2390443B4}
		{3B85106E-35CD-4EB9-8DB4-26C5EC062B15} = {B0496C84-6FE4-4E57-A570-C3A87623F89A}
		{816311C7-30F4-4799-9223-58B6B5C6CB49} = {9FD58F70-D022-4739-AADF-F43701F126E7}
		{4A982ED8-4EFB-428E-8344-582F7E437083} = {031C53CE-9064-498C-B429-2B21FB301D51}
		{9FD58F70-D022-4739-AADF-F43701F126E7} = {031C53CE-9064-498C-B429-2B21FB301D51}
		{5557AC1E-C735-48F4-AF34-8524925F35E6} = {4A982ED8-4EFB-428E-8344-582F7E437083}
		{CF33C772-F280-4F1F-9405-ADB4CD2B83AC} = {031C53CE-9064-498C-B429-2B21FB301D51}
	EndGlobalSection
	GlobalSection(ExtensibilityGlobals) = postSolution
		SolutionGuid = {5B909C32-F63D-42DA-A4D0-F67EEE928FFC}
	EndGlobalSection
EndGlobal
